Microsoft Visual Studio Solution File, Format Version 12.00
# Visual Studio Version 17
VisualStudioVersion = 17.10.34916.146
MinimumVisualStudioVersion = 10.0.40219.1
Project("{9A19103F-16F7-4668-BE54-9A1E7A4F7556}") = "Multicaster", "src\Multicaster\Multicaster.csproj", "{90FEB150-0A93-4905-9265-1658D3AA3CEB}"
EndProject
Project("{FAE04EC0-301F-11D3-BF4B-00C04F79EFBC}") = "Multicaster.Tests", "test\Multicaster.Tests\Multicaster.Tests.csproj", "{3B15E8B1-FEC5-49C0-ABDE-4399AA95E346}"
EndProject
Project("{2150E333-8FDC-42A3-9474-1A3956D46DE8}") = "Solution Items", "Solution Items", "{7ED9EEF8-6BF3-4F69-BD7E-D1B25905BD30}"
	ProjectSection(SolutionItems) = preProject
		src\Directory.Build.props = src\Directory.Build.props
		Directory.Packages.props = Directory.Packages.props
		README.md = README.md
	EndProjectSection
EndProject
Project("{FAE04EC0-301F-11D3-BF4B-00C04F79EFBC}") = "Multicaster.Distributed.Redis", "src\Multicaster.Distributed.Redis\Multicaster.Distributed.Redis.csproj", "{FCDE1785-7AFE-4329-91F9-A4CB96991D05}"
EndProject
Project("{FAE04EC0-301F-11D3-BF4B-00C04F79EFBC}") = "Multicaster.Distributed.Redis.Tests", "test\Multicaster.Distributed.Redis.Tests\Multicaster.Distributed.Redis.Tests.csproj", "{0119F168-1D09-46DE-8E2B-75FF29DA4ABB}"
EndProject
Project("{FAE04EC0-301F-11D3-BF4B-00C04F79EFBC}") = "Multicaster.Distributed.Nats", "src\Multicaster.Distributed.Nats\Multicaster.Distributed.Nats.csproj", "{53DC05D7-35B3-4A61-B1EA-D052A5433824}"
EndProject
Project("{FAE04EC0-301F-11D3-BF4B-00C04F79EFBC}") = "Multicaster.Distributed.Nats.Tests", "test\Multicaster.Distributed.Nats.Tests\Multicaster.Distributed.Nats.Tests.csproj", "{356A4FF9-E1E8-4A5D-A7B4-281DD5FD3E35}"
EndProject
Project("{2150E333-8FDC-42A3-9474-1A3956D46DE8}") = "GitHub Actions", "GitHub Actions", "{65CEBDFD-BB48-49B3-B03D-BADFF0F900BB}"
	ProjectSection(SolutionItems) = preProject
		.github\workflows\build-main.yaml = .github\workflows\build-main.yaml
		.github\workflows\build-release.yml = .github\workflows\build-release.yml
		.github\workflows\stale.yml = .github\workflows\stale.yml
	EndProjectSection
EndProject
Project("{2150E333-8FDC-42A3-9474-1A3956D46DE8}") = "perf", "perf", "{9AA4E5CA-D1F3-4DF9-AE7E-9CA990CD81AC}"
EndProject
Project("{FAE04EC0-301F-11D3-BF4B-00C04F79EFBC}") = "MicroBenchmark", "perf\MicroBenchmark\MicroBenchmark.csproj", "{E7AF6DAF-FEAF-486C-82CC-2347895177A2}"
EndProject
Global
	GlobalSection(SolutionConfigurationPlatforms) = preSolution
		Debug|Any CPU = Debug|Any CPU
		Release|Any CPU = Release|Any CPU
	EndGlobalSection
	GlobalSection(ProjectConfigurationPlatforms) = postSolution
		{90FEB150-0A93-4905-9265-1658D3AA3CEB}.Debug|Any CPU.ActiveCfg = Debug|Any CPU
		{90FEB150-0A93-4905-9265-1658D3AA3CEB}.Debug|Any CPU.Build.0 = Debug|Any CPU
		{90FEB150-0A93-4905-9265-1658D3AA3CEB}.Release|Any CPU.ActiveCfg = Release|Any CPU
		{90FEB150-0A93-4905-9265-1658D3AA3CEB}.Release|Any CPU.Build.0 = Release|Any CPU
		{3B15E8B1-FEC5-49C0-ABDE-4399AA95E346}.Debug|Any CPU.ActiveCfg = Debug|Any CPU
		{3B15E8B1-FEC5-49C0-ABDE-4399AA95E346}.Debug|Any CPU.Build.0 = Debug|Any CPU
		{3B15E8B1-FEC5-49C0-ABDE-4399AA95E346}.Release|Any CPU.ActiveCfg = Release|Any CPU
		{3B15E8B1-FEC5-49C0-ABDE-4399AA95E346}.Release|Any CPU.Build.0 = Release|Any CPU
		{FCDE1785-7AFE-4329-91F9-A4CB96991D05}.Debug|Any CPU.ActiveCfg = Debug|Any CPU
		{FCDE1785-7AFE-4329-91F9-A4CB96991D05}.Debug|Any CPU.Build.0 = Debug|Any CPU
		{FCDE1785-7AFE-4329-91F9-A4CB96991D05}.Release|Any CPU.ActiveCfg = Release|Any CPU
		{FCDE1785-7AFE-4329-91F9-A4CB96991D05}.Release|Any CPU.Build.0 = Release|Any CPU
		{0119F168-1D09-46DE-8E2B-75FF29DA4ABB}.Debug|Any CPU.ActiveCfg = Debug|Any CPU
		{0119F168-1D09-46DE-8E2B-75FF29DA4ABB}.Debug|Any CPU.Build.0 = Debug|Any CPU
		{0119F168-1D09-46DE-8E2B-75FF29DA4ABB}.Release|Any CPU.ActiveCfg = Release|Any CPU
		{0119F168-1D09-46DE-8E2B-75FF29DA4ABB}.Release|Any CPU.Build.0 = Release|Any CPU
		{53DC05D7-35B3-4A61-B1EA-D052A5433824}.Debug|Any CPU.ActiveCfg = Debug|Any CPU
		{53DC05D7-35B3-4A61-B1EA-D052A5433824}.Debug|Any CPU.Build.0 = Debug|Any CPU
		{53DC05D7-35B3-4A61-B1EA-D052A5433824}.Release|Any CPU.ActiveCfg = Release|Any CPU
		{53DC05D7-35B3-4A61-B1EA-D052A5433824}.Release|Any CPU.Build.0 = Release|Any CPU
		{356A4FF9-E1E8-4A5D-A7B4-281DD5FD3E35}.Debug|Any CPU.ActiveCfg = Debug|Any CPU
		{356A4FF9-E1E8-4A5D-A7B4-281DD5FD3E35}.Debug|Any CPU.Build.0 = Debug|Any CPU
		{356A4FF9-E1E8-4A5D-A7B4-281DD5FD3E35}.Release|Any CPU.ActiveCfg = Release|Any CPU
		{356A4FF9-E1E8-4A5D-A7B4-281DD5FD3E35}.Release|Any CPU.Build.0 = Release|Any CPU
		{E7AF6DAF-FEAF-486C-82CC-2347895177A2}.Debug|Any CPU.ActiveCfg = Debug|Any CPU
		{E7AF6DAF-FEAF-486C-82CC-2347895177A2}.Debug|Any CPU.Build.0 = Debug|Any CPU
		{E7AF6DAF-FEAF-486C-82CC-2347895177A2}.Release|Any CPU.ActiveCfg = Release|Any CPU
		{E7AF6DAF-FEAF-486C-82CC-2347895177A2}.Release|Any CPU.Build.0 = Release|Any CPU
	EndGlobalSection
	GlobalSection(SolutionProperties) = preSolution
		HideSolutionNode = FALSE
	EndGlobalSection
	GlobalSection(NestedProjects) = preSolution
		{65CEBDFD-BB48-49B3-B03D-BADFF0F900BB} = {7ED9EEF8-6BF3-4F69-BD7E-D1B25905BD30}
		{E7AF6DAF-FEAF-486C-82CC-2347895177A2} = {9AA4E5CA-D1F3-4DF9-AE7E-9CA990CD81AC}
	EndGlobalSection
	GlobalSection(ExtensibilityGlobals) = postSolution
		SolutionGuid = {A3218708-7C93-4BC3-8892-F28ACD66F876}
	EndGlobalSection
EndGlobal
